
Microsoft Visual Studio Solution File, Format Version 12.00
# Visual Studio 15
VisualStudioVersion = 15.0.28306.52
MinimumVisualStudioVersion = 10.0.40219.1
Project("{9A19103F-16F7-4668-BE54-9A1E7A4F7556}") = "DAL", "DAL\DAL.csproj", "{7FAF5D58-7D1D-4A6F-A978-6F4C4A8EC6DB}"
EndProject
Project("{9A19103F-16F7-4668-BE54-9A1E7A4F7556}") = "UI", "UI\UI.csproj", "{82832316-5DDF-429E-A9AB-8CA7E74548DC}"
EndProject
Global
	GlobalSection(SolutionConfigurationPlatforms) = preSolution
		Debug|Any CPU = Debug|Any CPU
		Release|Any CPU = Release|Any CPU
	EndGlobalSection
	GlobalSection(ProjectConfigurationPlatforms) = postSolution
		{7FAF5D58-7D1D-4A6F-A978-6F4C4A8EC6DB}.Debug|Any CPU.ActiveCfg = Debug|Any CPU
		{7FAF5D58-7D1D-4A6F-A978-6F4C4A8EC6DB}.Debug|Any CPU.Build.0 = Debug|Any CPU
		{7FAF5D58-7D1D-4A6F-A978-6F4C4A8EC6DB}.Release|Any CPU.ActiveCfg = Release|Any CPU
		{7FAF5D58-7D1D-4A6F-A978-6F4C4A8EC6DB}.Release|Any CPU.Build.0 = Release|Any CPU
		{82832316-5DDF-429E-A9AB-8CA7E74548DC}.Debug|Any CPU.ActiveCfg = Debug|Any CPU
		{82832316-5DDF-429E-A9AB-8CA7E74548DC}.Debug|Any CPU.Build.0 = Debug|Any CPU
		{82832316-5DDF-429E-A9AB-8CA7E74548DC}.Release|Any CPU.ActiveCfg = Release|Any CPU
		{82832316-5DDF-429E-A9AB-8CA7E74548DC}.Release|Any CPU.Build.0 = Release|Any CPU
	EndGlobalSection
	GlobalSection(SolutionProperties) = preSolution
		HideSolutionNode = FALSE
	EndGlobalSection
	GlobalSection(ExtensibilityGlobals) = postSolution
		SolutionGuid = {45848756-C436-46F4-80D5-086A2A87864D}
	EndGlobalSection
EndGlobal
